Microsoft Visual Studio Solution File, Format Version 12.00
# Visual Studio 2012
Project("{FAE04EC0-301F-11D3-BF4B-00C04F79EFBC}") = "game dev diciplines & technology", "game dev diciplines & technology.csproj", "{859830ED-DCE1-4B43-9A8D-7EC5D416AA33}"
EndProject
Global
	GlobalSection(SolutionConfigurationPlatforms) = preSolution
	Debug|Any CPU = Debug|Any CPU
	ExportDebug|Any CPU = ExportDebug|Any CPU
	ExportRelease|Any CPU = ExportRelease|Any CPU
	EndGlobalSection
	GlobalSection(ProjectConfigurationPlatforms) = postSolution
		{859830ED-DCE1-4B43-9A8D-7EC5D416AA33}.Debug|Any CPU.ActiveCfg = Debug|Any CPU
		{859830ED-DCE1-4B43-9A8D-7EC5D416AA33}.Debug|Any CPU.Build.0 = Debug|Any CPU
		{859830ED-DCE1-4B43-9A8D-7EC5D416AA33}.ExportDebug|Any CPU.ActiveCfg = ExportDebug|Any CPU
		{859830ED-DCE1-4B43-9A8D-7EC5D416AA33}.ExportDebug|Any CPU.Build.0 = ExportDebug|Any CPU
		{859830ED-DCE1-4B43-9A8D-7EC5D416AA33}.ExportRelease|Any CPU.ActiveCfg = ExportRelease|Any CPU
		{859830ED-DCE1-4B43-9A8D-7EC5D416AA33}.ExportRelease|Any CPU.Build.0 = ExportRelease|Any CPU
	EndGlobalSection
EndGlobal
